
Microsoft Visual Studio Solution File, Format Version 12.00
# Visual Studio 15
Project("{FAE04EC0-301F-11D3-BF4B-00C04F79EFBC}") = "Unity.Timeline", "Unity.Timeline.csproj", "{72D5F7CF-3123-D6D7-E5BC-1321BA5A10AE}"
EndProject
Project("{FAE04EC0-301F-11D3-BF4B-00C04F79EFBC}") = "Unity.Timeline.Editor", "Unity.Timeline.Editor.csproj", "{FB0F29BB-3340-BD70-5F03-A75E74092399}"
EndProject
Project("{FAE04EC0-301F-11D3-BF4B-00C04F79EFBC}") = "Unity.PlasticSCM.Editor", "Unity.PlasticSCM.Editor.csproj", "{E2076CD5-B252-D32B-D036-E8F6420895B4}"
EndProject
Project("{FAE04EC0-301F-11D3-BF4B-00C04F79EFBC}") = "Unity.TextMeshPro.Editor", "Unity.TextMeshPro.Editor.csproj", "{8688F6BC-1442-B511-141F-5A795CB091C0}"
EndProject
Project("{FAE04EC0-301F-11D3-BF4B-00C04F79EFBC}") = "Unity.VisualScripting.Flow", "Unity.VisualScripting.Flow.csproj", "{27CAC47E-A5AD-C2FD-10A8-9EE21301C95A}"
EndProject
Project("{FAE04EC0-301F-11D3-BF4B-00C04F79EFBC}") = "Unity.VisualScripting.Core", "Unity.VisualScripting.Core.csproj", "{397F9BDE-D443-FF13-D586-67E47E01FDEA}"
EndProject
Project("{FAE04EC0-301F-11D3-BF4B-00C04F79EFBC}") = "Unity.VisualScripting.Core.Editor", "Unity.VisualScripting.Core.Editor.csproj", "{A47D0E5D-F873-F988-3FE8-A255C88ECD9B}"
EndProject
Project("{FAE04EC0-301F-11D3-BF4B-00C04F79EFBC}") = "Unity.VisualScripting.Flow.Editor", "Unity.VisualScripting.Flow.Editor.csproj", "{30A9B539-8437-AD12-C65C-924227B616CF}"
EndProject
Project("{FAE04EC0-301F-11D3-BF4B-00C04F79EFBC}") = "UnityEditor.TestRunner", "UnityEditor.TestRunner.csproj", "{47086AC7-93B2-7589-E4CE-E33E3992D88E}"
EndProject
Project("{FAE04EC0-301F-11D3-BF4B-00C04F79EFBC}") = "Unity.VisualScripting.SettingsProvider.Editor", "Unity.VisualScripting.SettingsProvider.Editor.csproj", "{947CE098-D91F-8087-ED7C-7389F9DCD37F}"
EndProject
Project("{FAE04EC0-301F-11D3-BF4B-00C04F79EFBC}") = "UnityEngine.TestRunner", "UnityEngine.TestRunner.csproj", "{35624761-D791-795D-3103-1C8C04CDC50B}"
EndProject
Project("{FAE04EC0-301F-11D3-BF4B-00C04F79EFBC}") = "Unity.VisualStudio.Editor", "Unity.VisualStudio.Editor.csproj", "{E8C785E5-E743-C22B-91C8-64423A84C3A0}"
EndProject
Project("{FAE04EC0-301F-11D3-BF4B-00C04F79EFBC}") = "Unity.TestTools.CodeCoverage.Editor.OpenCover.Model", "Unity.TestTools.CodeCoverage.Editor.OpenCover.Model.csproj", "{B418CB0B-D94E-C3DF-A946-2A1C620CE115}"
EndProject
Project("{FAE04EC0-301F-11D3-BF4B-00C04F79EFBC}") = "Unity.Rider.Editor", "Unity.Rider.Editor.csproj", "{F264FB74-E2DF-FEBB-815F-A1C7D9F99CB1}"
EndProject
Project("{FAE04EC0-301F-11D3-BF4B-00C04F79EFBC}") = "Unity.CollabProxy.Editor", "Unity.CollabProxy.Editor.csproj", "{4C683324-2BD2-A3B9-8A37-2B9BB99D49C5}"
EndProject
Project("{FAE04EC0-301F-11D3-BF4B-00C04F79EFBC}") = "Unity.VisualScripting.State.Editor", "Unity.VisualScripting.State.Editor.csproj", "{555881B6-1DE3-C22A-1F48-78241270B2FD}"
EndProject
Project("{FAE04EC0-301F-11D3-BF4B-00C04F79EFBC}") = "Unity.TestTools.CodeCoverage.Editor", "Unity.TestTools.CodeCoverage.Editor.csproj", "{B778F54A-29D6-BB8D-018B-B2ECDE725A51}"
EndProject
Project("{FAE04EC0-301F-11D3-BF4B-00C04F79EFBC}") = "Unity.VisualScripting.State", "Unity.VisualScripting.State.csproj", "{9008517A-A879-0A4E-DF92-E1652589D72F}"
EndProject
Project("{FAE04EC0-301F-11D3-BF4B-00C04F79EFBC}") = "Unity.TextMeshPro", "Unity.TextMeshPro.csproj", "{0852F562-FF5D-762F-9AD0-A5BB6151EAAB}"
EndProject
Project("{FAE04EC0-301F-11D3-BF4B-00C04F79EFBC}") = "Unity.Performance.Profile-Analyzer.Editor", "Unity.Performance.Profile-Analyzer.Editor.csproj", "{1C4A0D67-6893-3CEA-7627-CDEF6E9D54BD}"
EndProject
Project("{FAE04EC0-301F-11D3-BF4B-00C04F79EFBC}") = "Unity.VSCode.Editor", "Unity.VSCode.Editor.csproj", "{1DED32CB-4193-0718-5DDF-EBE7BC603B1B}"
EndProject
Project("{FAE04EC0-301F-11D3-BF4B-00C04F79EFBC}") = "Unity.TestTools.CodeCoverage.Editor.OpenCover.Mono.Reflection", "Unity.TestTools.CodeCoverage.Editor.OpenCover.Mono.Reflection.csproj", "{FA52289F-3EEC-E28C-8310-635384988F95}"
EndProject
Project("{FAE04EC0-301F-11D3-BF4B-00C04F79EFBC}") = "Unity.Settings.Editor", "Unity.Settings.Editor.csproj", "{493F7361-5C8D-F273-4FC3-C3D926F1BBE5}"
EndProject
Project("{FAE04EC0-301F-11D3-BF4B-00C04F79EFBC}") = "Unity.EditorCoroutines.Editor", "Unity.EditorCoroutines.Editor.csproj", "{9995961D-CCFC-3864-1B46-770976D9BB26}"
EndProject
Project("{FAE04EC0-301F-11D3-BF4B-00C04F79EFBC}") = "Assembly-CSharp", "Assembly-CSharp.csproj", "{6A175167-7FD3-6118-4FF0-3DD89BB94958}"
EndProject
Project("{FAE04EC0-301F-11D3-BF4B-00C04F79EFBC}") = "Unity.VisualScripting.Shared.Editor", "Unity.VisualScripting.Shared.Editor.csproj", "{A938D61B-F2D5-E31D-136B-EDDB63141CF1}"
EndProject
Project("{FAE04EC0-301F-11D3-BF4B-00C04F79EFBC}") = "Unity.PlasticSCM.Editor.Entities", "Unity.PlasticSCM.Editor.Entities.csproj", "{6C7909A5-AF38-0EE0-37F8-25A7AE7662B9}"
EndProject
Project("{FAE04EC0-301F-11D3-BF4B-00C04F79EFBC}") = "Unity.Timeline", "Unity.Timeline.Player.csproj", "{A2471E0C-C6BF-FC99-9532-0340BD68F6FB}"
EndProject
Project("{FAE04EC0-301F-11D3-BF4B-00C04F79EFBC}") = "Unity.VisualScripting.Flow", "Unity.VisualScripting.Flow.Player.csproj", "{545D1BCC-5ABA-E224-0279-C230A961B560}"
EndProject
Project("{FAE04EC0-301F-11D3-BF4B-00C04F79EFBC}") = "Unity.VisualScripting.Core", "Unity.VisualScripting.Core.Player.csproj", "{5ACB5D82-77A2-70BB-AD0B-FE7F8046576C}"
EndProject
Project("{FAE04EC0-301F-11D3-BF4B-00C04F79EFBC}") = "UnityEngine.TestRunner", "UnityEngine.TestRunner.Player.csproj", "{FED92E9F-6E01-ACE1-E745-0530A65223B6}"
EndProject
Project("{FAE04EC0-301F-11D3-BF4B-00C04F79EFBC}") = "Unity.VisualScripting.State", "Unity.VisualScripting.State.Player.csproj", "{BC895ADE-DA7E-4B1F-A46A-022D4048F766}"
EndProject
Project("{FAE04EC0-301F-11D3-BF4B-00C04F79EFBC}") = "Unity.TextMeshPro", "Unity.TextMeshPro.Player.csproj", "{89FB840D-75B1-0273-EACB-B5363FC2213F}"
EndProject
Project("{FAE04EC0-301F-11D3-BF4B-00C04F79EFBC}") = "Assembly-CSharp", "Assembly-CSharp.Player.csproj", "{FB41D9A7-74F7-50A5-64C0-12CF15926D88}"
EndProject
Global
	GlobalSection(SolutionConfigurationPlatforms) = preSolution
		Debug|Any CPU = Debug|Any CPU
		Release|Any CPU = Release|Any CPU
	EndGlobalSection
	GlobalSection(ProjectConfigurationPlatforms) = postSolution
		{72D5F7CF-3123-D6D7-E5BC-1321BA5A10AE}.Debug|Any CPU.ActiveCfg = Debug|Any CPU
		{72D5F7CF-3123-D6D7-E5BC-1321BA5A10AE}.Debug|Any CPU.Build.0 = Debug|Any CPU
		{72D5F7CF-3123-D6D7-E5BC-1321BA5A10AE}.Release|Any CPU.ActiveCfg = Release|Any CPU
		{72D5F7CF-3123-D6D7-E5BC-1321BA5A10AE}.Release|Any CPU.Build.0 = Release|Any CPU
		{FB0F29BB-3340-BD70-5F03-A75E74092399}.Debug|Any CPU.ActiveCfg = Debug|Any CPU
		{FB0F29BB-3340-BD70-5F03-A75E74092399}.Debug|Any CPU.Build.0 = Debug|Any CPU
		{FB0F29BB-3340-BD70-5F03-A75E74092399}.Release|Any CPU.ActiveCfg = Release|Any CPU
		{FB0F29BB-3340-BD70-5F03-A75E74092399}.Release|Any CPU.Build.0 = Release|Any CPU
		{E2076CD5-B252-D32B-D036-E8F6420895B4}.Debug|Any CPU.ActiveCfg = Debug|Any CPU
		{E2076CD5-B252-D32B-D036-E8F6420895B4}.Debug|Any CPU.Build.0 = Debug|Any CPU
		{E2076CD5-B252-D32B-D036-E8F6420895B4}.Release|Any CPU.ActiveCfg = Release|Any CPU
		{E2076CD5-B252-D32B-D036-E8F6420895B4}.Release|Any CPU.Build.0 = Release|Any CPU
		{8688F6BC-1442-B511-141F-5A795CB091C0}.Debug|Any CPU.ActiveCfg = Debug|Any CPU
		{8688F6BC-1442-B511-141F-5A795CB091C0}.Debug|Any CPU.Build.0 = Debug|Any CPU
		{8688F6BC-1442-B511-141F-5A795CB091C0}.Release|Any CPU.ActiveCfg = Release|Any CPU
		{8688F6BC-1442-B511-141F-5A795CB091C0}.Release|Any CPU.Build.0 = Release|Any CPU
		{27CAC47E-A5AD-C2FD-10A8-9EE21301C95A}.Debug|Any CPU.ActiveCfg = Debug|Any CPU
		{27CAC47E-A5AD-C2FD-10A8-9EE21301C95A}.Debug|Any CPU.Build.0 = Debug|Any CPU
		{27CAC47E-A5AD-C2FD-10A8-9EE21301C95A}.Release|Any CPU.ActiveCfg = Release|Any CPU
		{27CAC47E-A5AD-C2FD-10A8-9EE21301C95A}.Release|Any CPU.Build.0 = Release|Any CPU
		{397F9BDE-D443-FF13-D586-67E47E01FDEA}.Debug|Any CPU.ActiveCfg = Debug|Any CPU
		{397F9BDE-D443-FF13-D586-67E47E01FDEA}.Debug|Any CPU.Build.0 = Debug|Any CPU
		{397F9BDE-D443-FF13-D586-67E47E01FDEA}.Release|Any CPU.ActiveCfg = Release|Any CPU
		{397F9BDE-D443-FF13-D586-67E47E01FDEA}.Release|Any CPU.Build.0 = Release|Any CPU
		{A47D0E5D-F873-F988-3FE8-A255C88ECD9B}.Debug|Any CPU.ActiveCfg = Debug|Any CPU
		{A47D0E5D-F873-F988-3FE8-A255C88ECD9B}.Debug|Any CPU.Build.0 = Debug|Any CPU
		{A47D0E5D-F873-F988-3FE8-A255C88ECD9B}.Release|Any CPU.ActiveCfg = Release|Any CPU
		{A47D0E5D-F873-F988-3FE8-A255C88ECD9B}.Release|Any CPU.Build.0 = Release|Any CPU
		{30A9B539-8437-AD12-C65C-924227B616CF}.Debug|Any CPU.ActiveCfg = Debug|Any CPU
		{30A9B539-8437-AD12-C65C-924227B616CF}.Debug|Any CPU.Build.0 = Debug|Any CPU
		{30A9B539-8437-AD12-C65C-924227B616CF}.Release|Any CPU.ActiveCfg = Release|Any CPU
		{30A9B539-8437-AD12-C65C-924227B616CF}.Release|Any CPU.Build.0 = Release|Any CPU
		{47086AC7-93B2-7589-E4CE-E33E3992D88E}.Debug|Any CPU.ActiveCfg = Debug|Any CPU
		{47086AC7-93B2-7589-E4CE-E33E3992D88E}.Debug|Any CPU.Build.0 = Debug|Any CPU
		{47086AC7-93B2-7589-E4CE-E33E3992D88E}.Release|Any CPU.ActiveCfg = Release|Any CPU
		{47086AC7-93B2-7589-E4CE-E33E3992D88E}.Release|Any CPU.Build.0 = Release|Any CPU
		{947CE098-D91F-8087-ED7C-7389F9DCD37F}.Debug|Any CPU.ActiveCfg = Debug|Any CPU
		{947CE098-D91F-8087-ED7C-7389F9DCD37F}.Debug|Any CPU.Build.0 = Debug|Any CPU
		{947CE098-D91F-8087-ED7C-7389F9DCD37F}.Release|Any CPU.ActiveCfg = Release|Any CPU
		{947CE098-D91F-8087-ED7C-7389F9DCD37F}.Release|Any CPU.Build.0 = Release|Any CPU
		{35624761-D791-795D-3103-1C8C04CDC50B}.Debug|Any CPU.ActiveCfg = Debug|Any CPU
		{35624761-D791-795D-3103-1C8C04CDC50B}.Debug|Any CPU.Build.0 = Debug|Any CPU
		{35624761-D791-795D-3103-1C8C04CDC50B}.Release|Any CPU.ActiveCfg = Release|Any CPU
		{35624761-D791-795D-3103-1C8C04CDC50B}.Release|Any CPU.Build.0 = Release|Any CPU
		{E8C785E5-E743-C22B-91C8-64423A84C3A0}.Debug|Any CPU.ActiveCfg = Debug|Any CPU
		{E8C785E5-E743-C22B-91C8-64423A84C3A0}.Debug|Any CPU.Build.0 = Debug|Any CPU
		{E8C785E5-E743-C22B-91C8-64423A84C3A0}.Release|Any CPU.ActiveCfg = Release|Any CPU
		{E8C785E5-E743-C22B-91C8-64423A84C3A0}.Release|Any CPU.Build.0 = Release|Any CPU
		{B418CB0B-D94E-C3DF-A946-2A1C620CE115}.Debug|Any CPU.ActiveCfg = Debug|Any CPU
		{B418CB0B-D94E-C3DF-A946-2A1C620CE115}.Debug|Any CPU.Build.0 = Debug|Any CPU
		{B418CB0B-D94E-C3DF-A946-2A1C620CE115}.Release|Any CPU.ActiveCfg = Release|Any CPU
		{B418CB0B-D94E-C3DF-A946-2A1C620CE115}.Release|Any CPU.Build.0 = Release|Any CPU
		{F264FB74-E2DF-FEBB-815F-A1C7D9F99CB1}.Debug|Any CPU.ActiveCfg = Debug|Any CPU
		{F264FB74-E2DF-FEBB-815F-A1C7D9F99CB1}.Debug|Any CPU.Build.0 = Debug|Any CPU
		{F264FB74-E2DF-FEBB-815F-A1C7D9F99CB1}.Release|Any CPU.ActiveCfg = Release|Any CPU
		{F264FB74-E2DF-FEBB-815F-A1C7D9F99CB1}.Release|Any CPU.Build.0 = Release|Any CPU
		{4C683324-2BD2-A3B9-8A37-2B9BB99D49C5}.Debug|Any CPU.ActiveCfg = Debug|Any CPU
		{4C683324-2BD2-A3B9-8A37-2B9BB99D49C5}.Debug|Any CPU.Build.0 = Debug|Any CPU
		{4C683324-2BD2-A3B9-8A37-2B9BB99D49C5}.Release|Any CPU.ActiveCfg = Release|Any CPU
		{4C683324-2BD2-A3B9-8A37-2B9BB99D49C5}.Release|Any CPU.Build.0 = Release|Any CPU
		{555881B6-1DE3-C22A-1F48-78241270B2FD}.Debug|Any CPU.ActiveCfg = Debug|Any CPU
		{555881B6-1DE3-C22A-1F48-78241270B2FD}.Debug|Any CPU.Build.0 = Debug|Any CPU
		{555881B6-1DE3-C22A-1F48-78241270B2FD}.Release|Any CPU.ActiveCfg = Release|Any CPU
		{555881B6-1DE3-C22A-1F48-78241270B2FD}.Release|Any CPU.Build.0 = Release|Any CPU
		{B778F54A-29D6-BB8D-018B-B2ECDE725A51}.Debug|Any CPU.ActiveCfg = Debug|Any CPU
		{B778F54A-29D6-BB8D-018B-B2ECDE725A51}.Debug|Any CPU.Build.0 = Debug|Any CPU
		{B778F54A-29D6-BB8D-018B-B2ECDE725A51}.Release|Any CPU.ActiveCfg = Release|Any CPU
		{B778F54A-29D6-BB8D-018B-B2ECDE725A51}.Release|Any CPU.Build.0 = Release|Any CPU
		{9008517A-A879-0A4E-DF92-E1652589D72F}.Debug|Any CPU.ActiveCfg = Debug|Any CPU
		{9008517A-A879-0A4E-DF92-E1652589D72F}.Debug|Any CPU.Build.0 = Debug|Any CPU
		{9008517A-A879-0A4E-DF92-E1652589D72F}.Release|Any CPU.ActiveCfg = Release|Any CPU
		{9008517A-A879-0A4E-DF92-E1652589D72F}.Release|Any CPU.Build.0 = Release|Any CPU
		{0852F562-FF5D-762F-9AD0-A5BB6151EAAB}.Debug|Any CPU.ActiveCfg = Debug|Any CPU
		{0852F562-FF5D-762F-9AD0-A5BB6151EAAB}.Debug|Any CPU.Build.0 = Debug|Any CPU
		{0852F562-FF5D-762F-9AD0-A5BB6151EAAB}.Release|Any CPU.ActiveCfg = Release|Any CPU
		{0852F562-FF5D-762F-9AD0-A5BB6151EAAB}.Release|Any CPU.Build.0 = Release|Any CPU
		{1C4A0D67-6893-3CEA-7627-CDEF6E9D54BD}.Debug|Any CPU.ActiveCfg = Debug|Any CPU
		{1C4A0D67-6893-3CEA-7627-CDEF6E9D54BD}.Debug|Any CPU.Build.0 = Debug|Any CPU
		{1C4A0D67-6893-3CEA-7627-CDEF6E9D54BD}.Release|Any CPU.ActiveCfg = Release|Any CPU
		{1C4A0D67-6893-3CEA-7627-CDEF6E9D54BD}.Release|Any CPU.Build.0 = Release|Any CPU
		{1DED32CB-4193-0718-5DDF-EBE7BC603B1B}.Debug|Any CPU.ActiveCfg = Debug|Any CPU
		{1DED32CB-4193-0718-5DDF-EBE7BC603B1B}.Debug|Any CPU.Build.0 = Debug|Any CPU
		{1DED32CB-4193-0718-5DDF-EBE7BC603B1B}.Release|Any CPU.ActiveCfg = Release|Any CPU
		{1DED32CB-4193-0718-5DDF-EBE7BC603B1B}.Release|Any CPU.Build.0 = Release|Any CPU
		{FA52289F-3EEC-E28C-8310-635384988F95}.Debug|Any CPU.ActiveCfg = Debug|Any CPU
		{FA52289F-3EEC-E28C-8310-635384988F95}.Debug|Any CPU.Build.0 = Debug|Any CPU
		{FA52289F-3EEC-E28C-8310-635384988F95}.Release|Any CPU.ActiveCfg = Release|Any CPU
		{FA52289F-3EEC-E28C-8310-635384988F95}.Release|Any CPU.Build.0 = Release|Any CPU
		{493F7361-5C8D-F273-4FC3-C3D926F1BBE5}.Debug|Any CPU.ActiveCfg = Debug|Any CPU
		{493F7361-5C8D-F273-4FC3-C3D926F1BBE5}.Debug|Any CPU.Build.0 = Debug|Any CPU
		{493F7361-5C8D-F273-4FC3-C3D926F1BBE5}.Release|Any CPU.ActiveCfg = Release|Any CPU
		{493F7361-5C8D-F273-4FC3-C3D926F1BBE5}.Release|Any CPU.Build.0 = Release|Any CPU
		{9995961D-CCFC-3864-1B46-770976D9BB26}.Debug|Any CPU.ActiveCfg = Debug|Any CPU
		{9995961D-CCFC-3864-1B46-770976D9BB26}.Debug|Any CPU.Build.0 = Debug|Any CPU
		{9995961D-CCFC-3864-1B46-770976D9BB26}.Release|Any CPU.ActiveCfg = Release|Any CPU
		{9995961D-CCFC-3864-1B46-770976D9BB26}.Release|Any CPU.Build.0 = Release|Any CPU
		{6A175167-7FD3-6118-4FF0-3DD89BB94958}.Debug|Any CPU.ActiveCfg = Debug|Any CPU
		{6A175167-7FD3-6118-4FF0-3DD89BB94958}.Debug|Any CPU.Build.0 = Debug|Any CPU
		{6A175167-7FD3-6118-4FF0-3DD89BB94958}.Release|Any CPU.ActiveCfg = Release|Any CPU
		{6A175167-7FD3-6118-4FF0-3DD89BB94958}.Release|Any CPU.Build.0 = Release|Any CPU
		{A938D61B-F2D5-E31D-136B-EDDB63141CF1}.Debug|Any CPU.ActiveCfg = Debug|Any CPU
		{A938D61B-F2D5-E31D-136B-EDDB63141CF1}.Debug|Any CPU.Build.0 = Debug|Any CPU
		{A938D61B-F2D5-E31D-136B-EDDB63141CF1}.Release|Any CPU.ActiveCfg = Release|Any CPU
		{A938D61B-F2D5-E31D-136B-EDDB63141CF1}.Release|Any CPU.Build.0 = Release|Any CPU
		{6C7909A5-AF38-0EE0-37F8-25A7AE7662B9}.Debug|Any CPU.ActiveCfg = Debug|Any CPU
		{6C7909A5-AF38-0EE0-37F8-25A7AE7662B9}.Debug|Any CPU.Build.0 = Debug|Any CPU
		{6C7909A5-AF38-0EE0-37F8-25A7AE7662B9}.Release|Any CPU.ActiveCfg = Release|Any CPU
		{6C7909A5-AF38-0EE0-37F8-25A7AE7662B9}.Release|Any CPU.Build.0 = Release|Any CPU
		{A2471E0C-C6BF-FC99-9532-0340BD68F6FB}.Debug|Any CPU.ActiveCfg = Debug|Any CPU
		{A2471E0C-C6BF-FC99-9532-0340BD68F6FB}.Debug|Any CPU.Build.0 = Debug|Any CPU
		{A2471E0C-C6BF-FC99-9532-0340BD68F6FB}.Release|Any CPU.ActiveCfg = Release|Any CPU
		{A2471E0C-C6BF-FC99-9532-0340BD68F6FB}.Release|Any CPU.Build.0 = Release|Any CPU
		{545D1BCC-5ABA-E224-0279-C230A961B560}.Debug|Any CPU.ActiveCfg = Debug|Any CPU
		{545D1BCC-5ABA-E224-0279-C230A961B560}.Debug|Any CPU.Build.0 = Debug|Any CPU
		{545D1BCC-5ABA-E224-0279-C230A961B560}.Release|Any CPU.ActiveCfg = Release|Any CPU
		{545D1BCC-5ABA-E224-0279-C230A961B560}.Release|Any CPU.Build.0 = Release|Any CPU
		{5ACB5D82-77A2-70BB-AD0B-FE7F8046576C}.Debug|Any CPU.ActiveCfg = Debug|Any CPU
		{5ACB5D82-77A2-70BB-AD0B-FE7F8046576C}.Debug|Any CPU.Build.0 = Debug|Any CPU
		{5ACB5D82-77A2-70BB-AD0B-FE7F8046576C}.Release|Any CPU.ActiveCfg = Release|Any CPU
		{5ACB5D82-77A2-70BB-AD0B-FE7F8046576C}.Release|Any CPU.Build.0 = Release|Any CPU
		{FED92E9F-6E01-ACE1-E745-0530A65223B6}.Debug|Any CPU.ActiveCfg = Debug|Any CPU
		{FED92E9F-6E01-ACE1-E745-0530A65223B6}.Debug|Any CPU.Build.0 = Debug|Any CPU
		{FED92E9F-6E01-ACE1-E745-0530A65223B6}.Release|Any CPU.ActiveCfg = Release|Any CPU
		{FED92E9F-6E01-ACE1-E745-0530A65223B6}.Release|Any CPU.Build.0 = Release|Any CPU
		{BC895ADE-DA7E-4B1F-A46A-022D4048F766}.Debug|Any CPU.ActiveCfg = Debug|Any CPU
		{BC895ADE-DA7E-4B1F-A46A-022D4048F766}.Debug|Any CPU.Build.0 = Debug|Any CPU
		{BC895ADE-DA7E-4B1F-A46A-022D4048F766}.Release|Any CPU.ActiveCfg = Release|Any CPU
		{BC895ADE-DA7E-4B1F-A46A-022D4048F766}.Release|Any CPU.Build.0 = Release|Any CPU
		{89FB840D-75B1-0273-EACB-B5363FC2213F}.Debug|Any CPU.ActiveCfg = Debug|Any CPU
		{89FB840D-75B1-0273-EACB-B5363FC2213F}.Debug|Any CPU.Build.0 = Debug|Any CPU
		{89FB840D-75B1-0273-EACB-B5363FC2213F}.Release|Any CPU.ActiveCfg = Release|Any CPU
		{89FB840D-75B1-0273-EACB-B5363FC2213F}.Release|Any CPU.Build.0 = Release|Any CPU
		{FB41D9A7-74F7-50A5-64C0-12CF15926D88}.Debug|Any CPU.ActiveCfg = Debug|Any CPU
		{FB41D9A7-74F7-50A5-64C0-12CF15926D88}.Debug|Any CPU.Build.0 = Debug|Any CPU
		{FB41D9A7-74F7-50A5-64C0-12CF15926D88}.Release|Any CPU.ActiveCfg = Release|Any CPU
		{FB41D9A7-74F7-50A5-64C0-12CF15926D88}.Release|Any CPU.Build.0 = Release|Any CPU
	EndGlobalSection
	GlobalSection(SolutionProperties) = preSolution
		HideSolutionNode = FALSE
	EndGlobalSection
EndGlobal
